{
  "requires": true,
  "lockfileVersion": 1,
  "dependencies": {
    "ngx-scroll-event": {
      "version": "1.0.8",
      "resolved": "https://registry.npmjs.org/ngx-scroll-event/-/ngx-scroll-event-1.0.8.tgz",
      "integrity": "sha512-P7fHHgYsPFhDOwIhAtQVFJb+VtGuCDA/mZYgk3s6kyBccQjBaPe2qQ/EdNLXg1noppUbq68TOqACuzfiLZyh8w=="
    }
  }
}
